
Microsoft Visual Studio Solution File, Format Version 12.00
# Visual Studio 15
VisualStudioVersion = 15.0.27130.2026
MinimumVisualStudioVersion = 10.0.40219.1
Project("{8BC9CEB8-8B4A-11D0-8D11-00A0C91BC942}") = "mymud", "mymud\mymud.vcxproj", "{AB17F0E4-B78C-459E-B514-63C25E63E0F8}"
EndProject
Global
	GlobalSection(SolutionConfigurationPlatforms) = preSolution
		Debug|x64 = Debug|x64
		Debug|x86 = Debug|x86
		Release|x64 = Release|x64
		Release|x86 = Release|x86
	EndGlobalSection
	GlobalSection(ProjectConfigurationPlatforms) = postSolution
		{AB17F0E4-B78C-459E-B514-63C25E63E0F8}.Debug|x64.ActiveCfg = Debug|x64
		{AB17F0E4-B78C-459E-B514-63C25E63E0F8}.Debug|x64.Build.0 = Debug|x64
		{AB17F0E4-B78C-459E-B514-63C25E63E0F8}.Debug|x86.ActiveCfg = Debug|Win32
		{AB17F0E4-B78C-459E-B514-63C25E63E0F8}.Debug|x86.Build.0 = Debug|Win32
		{AB17F0E4-B78C-459E-B514-63C25E63E0F8}.Release|x64.ActiveCfg = Release|x64
		{AB17F0E4-B78C-459E-B514-63C25E63E0F8}.Release|x64.Build.0 = Release|x64
		{AB17F0E4-B78C-459E-B514-63C25E63E0F8}.Release|x86.ActiveCfg = Release|Win32
		{AB17F0E4-B78C-459E-B514-63C25E63E0F8}.Release|x86.Build.0 = Release|Win32
	EndGlobalSection
	GlobalSection(SolutionProperties) = preSolution
		HideSolutionNode = FALSE
	EndGlobalSection
	GlobalSection(ExtensibilityGlobals) = postSolution
		SolutionGuid = {4E90ABCC-0A69-4510-9513-840C4C3F1198}
	EndGlobalSection
EndGlobal
